{
  "object": {
    "pins": [
      {
        "package": "Core",
        "repositoryURL": "https://github.com/Centauryal/Core-Codebase.git",
        "state": {
          "branch": null,
          "revision": "c7355e32857cdff42c0e117c3ef6a2aef1ca4244",
          "version": "1.0.0"
        }
      },
      {
        "package": "SDWebImage",
        "repositoryURL": "https://github.com/SDWebImage/SDWebImage.git",
        "state": {
          "branch": null,
          "revision": "0fff0d7505b5306348263ea64fcc561253bbeb21",
          "version": "5.12.2"
        }
      },
      {
        "package": "SkeletonView",
        "repositoryURL": "https://github.com/Juanpe/SkeletonView",
        "state": {
          "branch": null,
          "revision": "9e61ff3a85a3780a2cdfceae0257ad32fa8ae4d3",
          "version": "1.29.2"
        }
      }
    ]
  },
  "version": 1
}
