// !$*UTF8*$!
{
	archiveVersion = 1;
	classes = {
	};
	objectVersion = 52;
	objects = {

/* Begin PBXBuildFile section */
		4C17959127686AEB0065BFC3 /* gamescatalogueTests.swift in Sources */ = {isa = PBXBuildFile; fileRef = 4C17959027686AEB0065BFC3 /* gamescatalogueTests.swift */; };
		4C1E542226D92E4B00F57BDF /* AppDelegate.swift in Sources */ = {isa = PBXBuildFile; fileRef = 4C1E542126D92E4B00F57BDF /* AppDelegate.swift */; };
		4C1E542426D92E4B00F57BDF /* SceneDelegate.swift in Sources */ = {isa = PBXBuildFile; fileRef = 4C1E542326D92E4B00F57BDF /* SceneDelegate.swift */; };
		4C1E542626D92E4B00F57BDF /* ViewController.swift in Sources */ = {isa = PBXBuildFile; fileRef = 4C1E542526D92E4B00F57BDF /* ViewController.swift */; };
		4C1E542926D92E4B00F57BDF /* Main.storyboard in Resources */ = {isa = PBXBuildFile; fileRef = 4C1E542726D92E4B00F57BDF /* Main.storyboard */; };
		4C1E542B26D92E4C00F57BDF /* Assets.xcassets in Resources */ = {isa = PBXBuildFile; fileRef = 4C1E542A26D92E4C00F57BDF /* Assets.xcassets */; };
		4C1E542E26D92E4C00F57BDF /* LaunchScreen.storyboard in Resources */ = {isa = PBXBuildFile; fileRef = 4C1E542C26D92E4C00F57BDF /* LaunchScreen.storyboard */; };
		4C1E545326D92F3100F57BDF /* SDWebImage in Frameworks */ = {isa = PBXBuildFile; productRef = 4C1E545226D92F3100F57BDF /* SDWebImage */; };
		4C1E545A26D9312500F57BDF /* CustomUI+Ext.swift in Sources */ = {isa = PBXBuildFile; fileRef = 4C1E545926D9312500F57BDF /* CustomUI+Ext.swift */; };
		4C1E545F26D931C500F57BDF /* GamesTableViewCell.swift in Sources */ = {isa = PBXBuildFile; fileRef = 4C1E545D26D931C500F57BDF /* GamesTableViewCell.swift */; };
		4C1E546026D931C500F57BDF /* GamesTableViewCell.xib in Resources */ = {isa = PBXBuildFile; fileRef = 4C1E545E26D931C500F57BDF /* GamesTableViewCell.xib */; };
		4C1F1C662796A6BF00ECE435 /* SearchPresenter.swift in Sources */ = {isa = PBXBuildFile; fileRef = 4C1F1C652796A6BF00ECE435 /* SearchPresenter.swift */; };
		4C1F1C682796A6EE00ECE435 /* SearchRouter.swift in Sources */ = {isa = PBXBuildFile; fileRef = 4C1F1C672796A6EE00ECE435 /* SearchRouter.swift */; };
		4C283CAC27B2164400CA7E06 /* EmptyStateView.xib in Resources */ = {isa = PBXBuildFile; fileRef = 4C283CAB27B2164400CA7E06 /* EmptyStateView.xib */; };
		4C283CAE27B2166400CA7E06 /* EmptyStateView.swift in Sources */ = {isa = PBXBuildFile; fileRef = 4C283CAD27B2166400CA7E06 /* EmptyStateView.swift */; };
		4C2BADE927AD0FE2000E296E /* SkeletonView in Frameworks */ = {isa = PBXBuildFile; productRef = 4C2BADE827AD0FE2000E296E /* SkeletonView */; };
		4C31F4662795ADE8001FF416 /* SearchResultTableViewController.swift in Sources */ = {isa = PBXBuildFile; fileRef = 4C31F4652795ADE8001FF416 /* SearchResultTableViewController.swift */; };
		4C359E4A27355F4B007E4AA3 /* Injection.swift in Sources */ = {isa = PBXBuildFile; fileRef = 4C359E4927355F4B007E4AA3 /* Injection.swift */; };
		4C40572626EF8CE200B899F0 /* FavoriteViewController.swift in Sources */ = {isa = PBXBuildFile; fileRef = 4C40572526EF8CE200B899F0 /* FavoriteViewController.swift */; };
		4C47DCE627610E2D00D1F465 /* Games in Frameworks */ = {isa = PBXBuildFile; productRef = 4C47DCE527610E2D00D1F465 /* Games */; };
		4C537AD026D937170031F9C3 /* AccountViewController.swift in Sources */ = {isa = PBXBuildFile; fileRef = 4C537ACF26D937170031F9C3 /* AccountViewController.swift */; };
		4C537AD226D937590031F9C3 /* DetailGameViewController.swift in Sources */ = {isa = PBXBuildFile; fileRef = 4C537AD126D937590031F9C3 /* DetailGameViewController.swift */; };
		4C641B9A26E11B140074B6DC /* RatingStackView.xib in Resources */ = {isa = PBXBuildFile; fileRef = 4C641B9926E11B140074B6DC /* RatingStackView.xib */; };
		4C641B9D26E11B1E0074B6DC /* StarRatingStackView.swift in Sources */ = {isa = PBXBuildFile; fileRef = 4C641B9B26E11B1E0074B6DC /* StarRatingStackView.swift */; };
		4C641B9E26E11B1E0074B6DC /* StarRatingView.swift in Sources */ = {isa = PBXBuildFile; fileRef = 4C641B9C26E11B1E0074B6DC /* StarRatingView.swift */; };
		4C6E068F276722EE00FA032D /* Account in Frameworks */ = {isa = PBXBuildFile; productRef = 4C6E068E276722EE00FA032D /* Account */; };
		4C75E0C82741343800B81828 /* FavoritePresenter.swift in Sources */ = {isa = PBXBuildFile; fileRef = 4C75E0C72741343800B81828 /* FavoritePresenter.swift */; };
		4C75E0CA2741354D00B81828 /* FavoriteRouter.swift in Sources */ = {isa = PBXBuildFile; fileRef = 4C75E0C92741354D00B81828 /* FavoriteRouter.swift */; };
		4C816DF52748DF7C00B75ABB /* AccountPresenter.swift in Sources */ = {isa = PBXBuildFile; fileRef = 4C816DF42748DF7C00B75ABB /* AccountPresenter.swift */; };
		4C82B0DF26DFDFFE0093B988 /* .swiftlint.yml in Resources */ = {isa = PBXBuildFile; fileRef = 4C82B0DE26DFDFFE0093B988 /* .swiftlint.yml */; };
		4CAA6BAA2748F0EF00245F24 /* Alamofire in Frameworks */ = {isa = PBXBuildFile; productRef = 4CAA6BA92748F0EF00245F24 /* Alamofire */; };
		4CAF741D2736D035004DF3CC /* HomePresenter.swift in Sources */ = {isa = PBXBuildFile; fileRef = 4CAF741C2736D035004DF3CC /* HomePresenter.swift */; };
		4CAF741F2736D0C8004DF3CC /* HomeRouter.swift in Sources */ = {isa = PBXBuildFile; fileRef = 4CAF741E2736D0C8004DF3CC /* HomeRouter.swift */; };
		4CAF74212736D729004DF3CC /* DetailPresenter.swift in Sources */ = {isa = PBXBuildFile; fileRef = 4CAF74202736D729004DF3CC /* DetailPresenter.swift */; };
		4CB735DA2764869C006152DA /* Favorite in Frameworks */ = {isa = PBXBuildFile; productRef = 4CB735D92764869C006152DA /* Favorite */; };
		4CBBD97B27679E4C0044A728 /* Common in Frameworks */ = {isa = PBXBuildFile; productRef = 4CBBD97A27679E4C0044A728 /* Common */; };
		4CC58A4A26F8D16700DEC598 /* GamesCatalogue-Info.plist in Resources */ = {isa = PBXBuildFile; fileRef = 4CC58A4926F8D16700DEC598 /* GamesCatalogue-Info.plist */; };
		4CFCBF6926EEF86100ADABE9 /* FavoriteTableViewCell.swift in Sources */ = {isa = PBXBuildFile; fileRef = 4CFCBF6726EEF86100ADABE9 /* FavoriteTableViewCell.swift */; };
		4CFCBF6A26EEF86100ADABE9 /* FavoriteTableViewCell.xib in Resources */ = {isa = PBXBuildFile; fileRef = 4CFCBF6826EEF86100ADABE9 /* FavoriteTableViewCell.xib */; };
/* End PBXBuildFile section */

/* Begin PBXContainerItemProxy section */
		4C17959227686AEB0065BFC3 /* PBXContainerItemProxy */ = {
			isa = PBXContainerItemProxy;
			containerPortal = 4C1E541626D92E4B00F57BDF /* Project object */;
			proxyType = 1;
			remoteGlobalIDString = 4C1E541D26D92E4B00F57BDF;
			remoteInfo = gamescatalogue;
		};
/* End PBXContainerItemProxy section */

/* Begin PBXFileReference section */
		4C17958927683E2A0065BFC3 /* en */ = {isa = PBXFileReference; lastKnownFileType = text.plist.strings; name = en; path = en.lproj/Main.strings; sourceTree = "<group>"; };
		4C17958E27686AEB0065BFC3 /* gamescatalogueTests.xctest */ = {isa = PBXFileReference; explicitFileType = wrapper.cfbundle; includeInIndex = 0; path = gamescatalogueTests.xctest; sourceTree = BUILT_PRODUCTS_DIR; };
		4C17959027686AEB0065BFC3 /* gamescatalogueTests.swift */ = {isa = PBXFileReference; lastKnownFileType = sourcecode.swift; path = gamescatalogueTests.swift; sourceTree = "<group>"; };
		4C1E541E26D92E4B00F57BDF /* gamescatalogue.app */ = {isa = PBXFileReference; explicitFileType = wrapper.application; includeInIndex = 0; path = gamescatalogue.app; sourceTree = BUILT_PRODUCTS_DIR; };
		4C1E542126D92E4B00F57BDF /* AppDelegate.swift */ = {isa = PBXFileReference; lastKnownFileType = sourcecode.swift; path = AppDelegate.swift; sourceTree = "<group>"; };
		4C1E542326D92E4B00F57BDF /* SceneDelegate.swift */ = {isa = PBXFileReference; lastKnownFileType = sourcecode.swift; path = SceneDelegate.swift; sourceTree = "<group>"; };
		4C1E542526D92E4B00F57BDF /* ViewController.swift */ = {isa = PBXFileReference; lastKnownFileType = sourcecode.swift; path = ViewController.swift; sourceTree = "<group>"; };
		4C1E542826D92E4B00F57BDF /* Base */ = {isa = PBXFileReference; lastKnownFileType = file.storyboard; name = Base; path = Base.lproj/Main.storyboard; sourceTree = "<group>"; };
		4C1E542A26D92E4C00F57BDF /* Assets.xcassets */ = {isa = PBXFileReference; lastKnownFileType = folder.assetcatalog; path = Assets.xcassets; sourceTree = "<group>"; };
		4C1E542D26D92E4C00F57BDF /* Base */ = {isa = PBXFileReference; lastKnownFileType = file.storyboard; name = Base; path = Base.lproj/LaunchScreen.storyboard; sourceTree = "<group>"; };
		4C1E542F26D92E4C00F57BDF /* Info.plist */ = {isa = PBXFileReference; lastKnownFileType = text.plist.xml; path = Info.plist; sourceTree = "<group>"; };
		4C1E545926D9312500F57BDF /* CustomUI+Ext.swift */ = {isa = PBXFileReference; lastKnownFileType = sourcecode.swift; path = "CustomUI+Ext.swift"; sourceTree = "<group>"; };
		4C1E545D26D931C500F57BDF /* GamesTableViewCell.swift */ = {isa = PBXFileReference; lastKnownFileType = sourcecode.swift; path = GamesTableViewCell.swift; sourceTree = "<group>"; };
		4C1E545E26D931C500F57BDF /* GamesTableViewCell.xib */ = {isa = PBXFileReference; lastKnownFileType = file.xib; path = GamesTableViewCell.xib; sourceTree = "<group>"; };
		4C1F1C652796A6BF00ECE435 /* SearchPresenter.swift */ = {isa = PBXFileReference; lastKnownFileType = sourcecode.swift; path = SearchPresenter.swift; sourceTree = "<group>"; };
		4C1F1C672796A6EE00ECE435 /* SearchRouter.swift */ = {isa = PBXFileReference; lastKnownFileType = sourcecode.swift; path = SearchRouter.swift; sourceTree = "<group>"; };
		4C283CAB27B2164400CA7E06 /* EmptyStateView.xib */ = {isa = PBXFileReference; lastKnownFileType = file.xib; path = EmptyStateView.xib; sourceTree = "<group>"; };
		4C283CAD27B2166400CA7E06 /* EmptyStateView.swift */ = {isa = PBXFileReference; lastKnownFileType = sourcecode.swift; path = EmptyStateView.swift; sourceTree = "<group>"; };
		4C31F4652795ADE8001FF416 /* SearchResultTableViewController.swift */ = {isa = PBXFileReference; lastKnownFileType = sourcecode.swift; path = SearchResultTableViewController.swift; sourceTree = "<group>"; };
		4C359E4927355F4B007E4AA3 /* Injection.swift */ = {isa = PBXFileReference; lastKnownFileType = sourcecode.swift; path = Injection.swift; sourceTree = "<group>"; };
		4C40572526EF8CE200B899F0 /* FavoriteViewController.swift */ = {isa = PBXFileReference; lastKnownFileType = sourcecode.swift; path = FavoriteViewController.swift; sourceTree = "<group>"; };
		4C537ACF26D937170031F9C3 /* AccountViewController.swift */ = {isa = PBXFileReference; lastKnownFileType = sourcecode.swift; path = AccountViewController.swift; sourceTree = "<group>"; };
		4C537AD126D937590031F9C3 /* DetailGameViewController.swift */ = {isa = PBXFileReference; lastKnownFileType = sourcecode.swift; path = DetailGameViewController.swift; sourceTree = "<group>"; };
		4C641B9926E11B140074B6DC /* RatingStackView.xib */ = {isa = PBXFileReference; fileEncoding = 4; lastKnownFileType = file.xib; path = RatingStackView.xib; sourceTree = "<group>"; };
		4C641B9B26E11B1E0074B6DC /* StarRatingStackView.swift */ = {isa = PBXFileReference; fileEncoding = 4; lastKnownFileType = sourcecode.swift; path = StarRatingStackView.swift; sourceTree = "<group>"; };
		4C641B9C26E11B1E0074B6DC /* StarRatingView.swift */ = {isa = PBXFileReference; fileEncoding = 4; lastKnownFileType = sourcecode.swift; path = StarRatingView.swift; sourceTree = "<group>"; };
		4C6E068D276722D200FA032D /* Account */ = {isa = PBXFileReference; lastKnownFileType = folder; name = Account; path = Modules/Account; sourceTree = "<group>"; };
		4C75E0C72741343800B81828 /* FavoritePresenter.swift */ = {isa = PBXFileReference; lastKnownFileType = sourcecode.swift; path = FavoritePresenter.swift; sourceTree = "<group>"; };
		4C75E0C92741354D00B81828 /* FavoriteRouter.swift */ = {isa = PBXFileReference; lastKnownFileType = sourcecode.swift; path = FavoriteRouter.swift; sourceTree = "<group>"; };
		4C816DF42748DF7C00B75ABB /* AccountPresenter.swift */ = {isa = PBXFileReference; lastKnownFileType = sourcecode.swift; path = AccountPresenter.swift; sourceTree = "<group>"; };
		4C82B0DE26DFDFFE0093B988 /* .swiftlint.yml */ = {isa = PBXFileReference; fileEncoding = 4; lastKnownFileType = text.yaml; path = .swiftlint.yml; sourceTree = "<group>"; };
		4C8420BF275F06EF00C82182 /* Favorite */ = {isa = PBXFileReference; lastKnownFileType = folder; name = Favorite; path = Modules/Favorite; sourceTree = "<group>"; };
		4C890E4E27705D5000B38E95 /* README.md */ = {isa = PBXFileReference; lastKnownFileType = net.daringfireball.markdown; path = README.md; sourceTree = "<group>"; };
		4CAF741C2736D035004DF3CC /* HomePresenter.swift */ = {isa = PBXFileReference; lastKnownFileType = sourcecode.swift; path = HomePresenter.swift; sourceTree = "<group>"; };
		4CAF741E2736D0C8004DF3CC /* HomeRouter.swift */ = {isa = PBXFileReference; lastKnownFileType = sourcecode.swift; path = HomeRouter.swift; sourceTree = "<group>"; };
		4CAF74202736D729004DF3CC /* DetailPresenter.swift */ = {isa = PBXFileReference; lastKnownFileType = sourcecode.swift; path = DetailPresenter.swift; sourceTree = "<group>"; };
		4CB283AF2759B8430025ED32 /* Common */ = {isa = PBXFileReference; lastKnownFileType = folder; name = Common; path = Modules/Common; sourceTree = "<group>"; };
		4CBBD97C2767A2110044A728 /* id */ = {isa = PBXFileReference; lastKnownFileType = text.plist.strings; name = id; path = id.lproj/Main.strings; sourceTree = "<group>"; };
		4CBBD97D2767A23E0044A728 /* id */ = {isa = PBXFileReference; lastKnownFileType = text.plist.strings; name = id; path = id.lproj/LaunchScreen.strings; sourceTree = "<group>"; };
		4CC58A4926F8D16700DEC598 /* GamesCatalogue-Info.plist */ = {isa = PBXFileReference; fileEncoding = 4; lastKnownFileType = text.plist.xml; path = "GamesCatalogue-Info.plist"; sourceTree = "<group>"; };
		4CFCBF6726EEF86100ADABE9 /* FavoriteTableViewCell.swift */ = {isa = PBXFileReference; lastKnownFileType = sourcecode.swift; path = FavoriteTableViewCell.swift; sourceTree = "<group>"; };
		4CFCBF6826EEF86100ADABE9 /* FavoriteTableViewCell.xib */ = {isa = PBXFileReference; lastKnownFileType = file.xib; path = FavoriteTableViewCell.xib; sourceTree = "<group>"; };
		4CFF87F4275DE7BF008046BD /* Games */ = {isa = PBXFileReference; lastKnownFileType = folder; name = Games; path = Modules/Games; sourceTree = "<group>"; };
/* End PBXFileReference section */

/* Begin PBXFrameworksBuildPhase section */
		4C17958B27686AEB0065BFC3 /* Frameworks */ = {
			isa = PBXFrameworksBuildPhase;
			buildActionMask = 2147483647;
			files = (
			);
			runOnlyForDeploymentPostprocessing = 0;
		};
		4C1E541B26D92E4B00F57BDF /* Frameworks */ = {
			isa = PBXFrameworksBuildPhase;
			buildActionMask = 2147483647;
			files = (
				4C6E068F276722EE00FA032D /* Account in Frameworks */,
				4C2BADE927AD0FE2000E296E /* SkeletonView in Frameworks */,
				4C1E545326D92F3100F57BDF /* SDWebImage in Frameworks */,
				4CAA6BAA2748F0EF00245F24 /* Alamofire in Frameworks */,
				4C47DCE627610E2D00D1F465 /* Games in Frameworks */,
				4CBBD97B27679E4C0044A728 /* Common in Frameworks */,
				4CB735DA2764869C006152DA /* Favorite in Frameworks */,
			);
			runOnlyForDeploymentPostprocessing = 0;
		};
/* End PBXFrameworksBuildPhase section */

/* Begin PBXGroup section */
		4C17958F27686AEB0065BFC3 /* gamescatalogueTests */ = {
			isa = PBXGroup;
			children = (
				4C17959027686AEB0065BFC3 /* gamescatalogueTests.swift */,
			);
			path = gamescatalogueTests;
			sourceTree = "<group>";
		};
		4C1E541526D92E4B00F57BDF = {
			isa = PBXGroup;
			children = (
				4C890E4E27705D5000B38E95 /* README.md */,
				4C82B0DE26DFDFFE0093B988 /* .swiftlint.yml */,
				4CFF87F4275DE7BF008046BD /* Games */,
				4C8420BF275F06EF00C82182 /* Favorite */,
				4C6E068D276722D200FA032D /* Account */,
				4CB283AF2759B8430025ED32 /* Common */,
				4C1E542026D92E4B00F57BDF /* gamescatalogue */,
				4C17958F27686AEB0065BFC3 /* gamescatalogueTests */,
				4C1E541F26D92E4B00F57BDF /* Products */,
				4C47DCE227610E2800D1F465 /* Frameworks */,
			);
			sourceTree = "<group>";
		};
		4C1E541F26D92E4B00F57BDF /* Products */ = {
			isa = PBXGroup;
			children = (
				4C1E541E26D92E4B00F57BDF /* gamescatalogue.app */,
				4C17958E27686AEB0065BFC3 /* gamescatalogueTests.xctest */,
			);
			name = Products;
			sourceTree = "<group>";
		};
		4C1E542026D92E4B00F57BDF /* gamescatalogue */ = {
			isa = PBXGroup;
			children = (
				4C69E512273422AB00C2BC00 /* App */,
			);
			path = gamescatalogue;
			sourceTree = "<group>";
		};
		4C1E545426D92F5600F57BDF /* Utils */ = {
			isa = PBXGroup;
			children = (
				4C359E452735501A007E4AA3 /* Extensions */,
				4C359E5027356D8C007E4AA3 /* View */,
			);
			path = Utils;
			sourceTree = "<group>";
		};
		4C1E545826D92F7200F57BDF /* Base */ = {
			isa = PBXGroup;
			children = (
				4C1E542126D92E4B00F57BDF /* AppDelegate.swift */,
				4C1E542326D92E4B00F57BDF /* SceneDelegate.swift */,
			);
			path = Base;
			sourceTree = "<group>";
		};
		4C1F1C632796A69E00ECE435 /* Presenter */ = {
			isa = PBXGroup;
			children = (
				4C1F1C652796A6BF00ECE435 /* SearchPresenter.swift */,
			);
			path = Presenter;
			sourceTree = "<group>";
		};
		4C1F1C642796A6A500ECE435 /* Router */ = {
			isa = PBXGroup;
			children = (
				4C1F1C672796A6EE00ECE435 /* SearchRouter.swift */,
			);
			path = Router;
			sourceTree = "<group>";
		};
		4C283CA927B2161F00CA7E06 /* Ratings */ = {
			isa = PBXGroup;
			children = (
				4C641B9926E11B140074B6DC /* RatingStackView.xib */,
				4C641B9B26E11B1E0074B6DC /* StarRatingStackView.swift */,
				4C641B9C26E11B1E0074B6DC /* StarRatingView.swift */,
			);
			path = Ratings;
			sourceTree = "<group>";
		};
		4C283CAA27B2162E00CA7E06 /* EmptyState */ = {
			isa = PBXGroup;
			children = (
				4C283CAB27B2164400CA7E06 /* EmptyStateView.xib */,
				4C283CAD27B2166400CA7E06 /* EmptyStateView.swift */,
			);
			path = EmptyState;
			sourceTree = "<group>";
		};
		4C31F4642795AD9C001FF416 /* Search */ = {
			isa = PBXGroup;
			children = (
				4C1F1C632796A69E00ECE435 /* Presenter */,
				4C31F4682795B07C001FF416 /* View */,
				4C1F1C642796A6A500ECE435 /* Router */,
			);
			path = Search;
			sourceTree = "<group>";
		};
		4C31F4682795B07C001FF416 /* View */ = {
			isa = PBXGroup;
			children = (
				4C31F4652795ADE8001FF416 /* SearchResultTableViewController.swift */,
			);
			path = View;
			sourceTree = "<group>";
		};
		4C359E452735501A007E4AA3 /* Extensions */ = {
			isa = PBXGroup;
			children = (
				4C1E545926D9312500F57BDF /* CustomUI+Ext.swift */,
			);
			path = Extensions;
			sourceTree = "<group>";
		};
		4C359E4827355F38007E4AA3 /* DI */ = {
			isa = PBXGroup;
			children = (
				4C359E4927355F4B007E4AA3 /* Injection.swift */,
			);
			path = DI;
			sourceTree = "<group>";
		};
		4C359E5027356D8C007E4AA3 /* View */ = {
			isa = PBXGroup;
			children = (
				4C283CAA27B2162E00CA7E06 /* EmptyState */,
				4C283CA927B2161F00CA7E06 /* Ratings */,
			);
			path = View;
			sourceTree = "<group>";
		};
		4C47DCE227610E2800D1F465 /* Frameworks */ = {
			isa = PBXGroup;
			children = (
			);
			name = Frameworks;
			sourceTree = "<group>";
		};
		4C69E512273422AB00C2BC00 /* App */ = {
			isa = PBXGroup;
			children = (
				4C1E545826D92F7200F57BDF /* Base */,
				4CAF740C2736CDFB004DF3CC /* Home */,
				4CAF740D2736CE01004DF3CC /* Detail */,
				4CAF740E2736CE07004DF3CC /* Favorite */,
				4CAF740F2736CE0E004DF3CC /* Account */,
				4C31F4642795AD9C001FF416 /* Search */,
				4C359E4827355F38007E4AA3 /* DI */,
				4C1E545426D92F5600F57BDF /* Utils */,
				4CAF741B2736CF36004DF3CC /* Supporting Files */,
			);
			path = App;
			sourceTree = "<group>";
		};
		4CAF740C2736CDFB004DF3CC /* Home */ = {
			isa = PBXGroup;
			children = (
				4CAF74102736CE14004DF3CC /* Presenter */,
				4CAF74112736CE1D004DF3CC /* View */,
				4CAF74122736CE2B004DF3CC /* Router */,
			);
			path = Home;
			sourceTree = "<group>";
		};
		4CAF740D2736CE01004DF3CC /* Detail */ = {
			isa = PBXGroup;
			children = (
				4CAF74142736CE4D004DF3CC /* Presenter */,
				4CAF74132736CE47004DF3CC /* View */,
			);
			path = Detail;
			sourceTree = "<group>";
		};
		4CAF740E2736CE07004DF3CC /* Favorite */ = {
			isa = PBXGroup;
			children = (
				4CAF74172736CE63004DF3CC /* Presenter */,
				4CAF74162736CE5C004DF3CC /* View */,
				4CAF74152736CE53004DF3CC /* Router */,
			);
			path = Favorite;
			sourceTree = "<group>";
		};
		4CAF740F2736CE0E004DF3CC /* Account */ = {
			isa = PBXGroup;
			children = (
				4CAF741A2736CE7D004DF3CC /* Presenter */,
				4CAF74192736CE78004DF3CC /* View */,
			);
			path = Account;
			sourceTree = "<group>";
		};
		4CAF74102736CE14004DF3CC /* Presenter */ = {
			isa = PBXGroup;
			children = (
				4CAF741C2736D035004DF3CC /* HomePresenter.swift */,
			);
			path = Presenter;
			sourceTree = "<group>";
		};
		4CAF74112736CE1D004DF3CC /* View */ = {
			isa = PBXGroup;
			children = (
				4C1E542526D92E4B00F57BDF /* ViewController.swift */,
				4C1E545E26D931C500F57BDF /* GamesTableViewCell.xib */,
				4C1E545D26D931C500F57BDF /* GamesTableViewCell.swift */,
			);
			path = View;
			sourceTree = "<group>";
		};
		4CAF74122736CE2B004DF3CC /* Router */ = {
			isa = PBXGroup;
			children = (
				4CAF741E2736D0C8004DF3CC /* HomeRouter.swift */,
			);
			path = Router;
			sourceTree = "<group>";
		};
		4CAF74132736CE47004DF3CC /* View */ = {
			isa = PBXGroup;
			children = (
				4C537AD126D937590031F9C3 /* DetailGameViewController.swift */,
			);
			path = View;
			sourceTree = "<group>";
		};
		4CAF74142736CE4D004DF3CC /* Presenter */ = {
			isa = PBXGroup;
			children = (
				4CAF74202736D729004DF3CC /* DetailPresenter.swift */,
			);
			path = Presenter;
			sourceTree = "<group>";
		};
		4CAF74152736CE53004DF3CC /* Router */ = {
			isa = PBXGroup;
			children = (
				4C75E0C92741354D00B81828 /* FavoriteRouter.swift */,
			);
			path = Router;
			sourceTree = "<group>";
		};
		4CAF74162736CE5C004DF3CC /* View */ = {
			isa = PBXGroup;
			children = (
				4C40572526EF8CE200B899F0 /* FavoriteViewController.swift */,
				4CFCBF6826EEF86100ADABE9 /* FavoriteTableViewCell.xib */,
				4CFCBF6726EEF86100ADABE9 /* FavoriteTableViewCell.swift */,
			);
			path = View;
			sourceTree = "<group>";
		};
		4CAF74172736CE63004DF3CC /* Presenter */ = {
			isa = PBXGroup;
			children = (
				4C75E0C72741343800B81828 /* FavoritePresenter.swift */,
			);
			path = Presenter;
			sourceTree = "<group>";
		};
		4CAF74192736CE78004DF3CC /* View */ = {
			isa = PBXGroup;
			children = (
				4C537ACF26D937170031F9C3 /* AccountViewController.swift */,
			);
			path = View;
			sourceTree = "<group>";
		};
		4CAF741A2736CE7D004DF3CC /* Presenter */ = {
			isa = PBXGroup;
			children = (
				4C816DF42748DF7C00B75ABB /* AccountPresenter.swift */,
			);
			path = Presenter;
			sourceTree = "<group>";
		};
		4CAF741B2736CF36004DF3CC /* Supporting Files */ = {
			isa = PBXGroup;
			children = (
				4C1E542726D92E4B00F57BDF /* Main.storyboard */,
				4C1E542C26D92E4C00F57BDF /* LaunchScreen.storyboard */,
				4C1E542A26D92E4C00F57BDF /* Assets.xcassets */,
				4C1E542F26D92E4C00F57BDF /* Info.plist */,
				4CC58A4926F8D16700DEC598 /* GamesCatalogue-Info.plist */,
			);
			path = "Supporting Files";
			sourceTree = "<group>";
		};
/* End PBXGroup section */

/* Begin PBXNativeTarget section */
		4C17958D27686AEB0065BFC3 /* gamescatalogueTests */ = {
			isa = PBXNativeTarget;
			buildConfigurationList = 4C17959427686AEB0065BFC3 /* Build configuration list for PBXNativeTarget "gamescatalogueTests" */;
			buildPhases = (
				4C17958A27686AEB0065BFC3 /* Sources */,
				4C17958B27686AEB0065BFC3 /* Frameworks */,
				4C17958C27686AEB0065BFC3 /* Resources */,
			);
			buildRules = (
			);
			dependencies = (
				4C17959327686AEB0065BFC3 /* PBXTargetDependency */,
			);
			name = gamescatalogueTests;
			productName = gamescatalogueTests;
			productReference = 4C17958E27686AEB0065BFC3 /* gamescatalogueTests.xctest */;
			productType = "com.apple.product-type.bundle.unit-test";
		};
		4C1E541D26D92E4B00F57BDF /* gamescatalogue */ = {
			isa = PBXNativeTarget;
			buildConfigurationList = 4C1E544826D92E4C00F57BDF /* Build configuration list for PBXNativeTarget "gamescatalogue" */;
			buildPhases = (
				4C1E541A26D92E4B00F57BDF /* Sources */,
				4C1E541B26D92E4B00F57BDF /* Frameworks */,
				4C1E541C26D92E4B00F57BDF /* Resources */,
				4C82B0DD26DFDFA50093B988 /* ShellScript */,
			);
			buildRules = (
			);
			dependencies = (
			);
			name = gamescatalogue;
			packageProductDependencies = (
				4C1E545226D92F3100F57BDF /* SDWebImage */,
				4CAA6BA92748F0EF00245F24 /* Alamofire */,
				4C47DCE527610E2D00D1F465 /* Games */,
				4CB735D92764869C006152DA /* Favorite */,
				4C6E068E276722EE00FA032D /* Account */,
				4CBBD97A27679E4C0044A728 /* Common */,
				4C2BADE827AD0FE2000E296E /* SkeletonView */,
			);
			productName = gamescatalogue;
			productReference = 4C1E541E26D92E4B00F57BDF /* gamescatalogue.app */;
			productType = "com.apple.product-type.application";
		};
/* End PBXNativeTarget section */

/* Begin PBXProject section */
		4C1E541626D92E4B00F57BDF /* Project object */ = {
			isa = PBXProject;
			attributes = {
				LastSwiftUpdateCheck = 1310;
				LastUpgradeCheck = 1250;
				TargetAttributes = {
					4C17958D27686AEB0065BFC3 = {
						CreatedOnToolsVersion = 13.1;
						TestTargetID = 4C1E541D26D92E4B00F57BDF;
					};
					4C1E541D26D92E4B00F57BDF = {
						CreatedOnToolsVersion = 12.5.1;
					};
				};
			};
			buildConfigurationList = 4C1E541926D92E4B00F57BDF /* Build configuration list for PBXProject "gamescatalogue" */;
			compatibilityVersion = "Xcode 9.3";
			developmentRegion = en;
			hasScannedForEncodings = 0;
			knownRegions = (
				en,
				Base,
				id,
			);
			mainGroup = 4C1E541526D92E4B00F57BDF;
			packageReferences = (
				4C1E545126D92F3100F57BDF /* XCRemoteSwiftPackageReference "SDWebImage" */,
				4CAA6BA82748F0EF00245F24 /* XCRemoteSwiftPackageReference "Alamofire" */,
				4C16941D279829390085AF26 /* XCRemoteSwiftPackageReference "Core-Codebase" */,
				4C2BADE727AD0FE2000E296E /* XCRemoteSwiftPackageReference "SkeletonView" */,
			);
			productRefGroup = 4C1E541F26D92E4B00F57BDF /* Products */;
			projectDirPath = "";
			projectRoot = "";
			targets = (
				4C1E541D26D92E4B00F57BDF /* gamescatalogue */,
				4C17958D27686AEB0065BFC3 /* gamescatalogueTests */,
			);
		};
/* End PBXProject section */

/* Begin PBXResourcesBuildPhase section */
		4C17958C27686AEB0065BFC3 /* Resources */ = {
			isa = PBXResourcesBuildPhase;
			buildActionMask = 2147483647;
			files = (
			);
			runOnlyForDeploymentPostprocessing = 0;
		};
		4C1E541C26D92E4B00F57BDF /* Resources */ = {
			isa = PBXResourcesBuildPhase;
			buildActionMask = 2147483647;
			files = (
				4C283CAC27B2164400CA7E06 /* EmptyStateView.xib in Resources */,
				4C641B9A26E11B140074B6DC /* RatingStackView.xib in Resources */,
				4C82B0DF26DFDFFE0093B988 /* .swiftlint.yml in Resources */,
				4C1E542E26D92E4C00F57BDF /* LaunchScreen.storyboard in Resources */,
				4C1E542B26D92E4C00F57BDF /* Assets.xcassets in Resources */,
				4C1E542926D92E4B00F57BDF /* Main.storyboard in Resources */,
				4CFCBF6A26EEF86100ADABE9 /* FavoriteTableViewCell.xib in Resources */,
				4CC58A4A26F8D16700DEC598 /* GamesCatalogue-Info.plist in Resources */,
				4C1E546026D931C500F57BDF /* GamesTableViewCell.xib in Resources */,
			);
			runOnlyForDeploymentPostprocessing = 0;
		};
/* End PBXResourcesBuildPhase section */

/* Begin PBXShellScriptBuildPhase section */
		4C82B0DD26DFDFA50093B988 /* ShellScript */ = {
			isa = PBXShellScriptBuildPhase;
			buildActionMask = 2147483647;
			files = (
			);
			inputFileListPaths = (
			);
			inputPaths = (
			);
			outputFileListPaths = (
			);
			outputPaths = (
			);
			runOnlyForDeploymentPostprocessing = 0;
			shellPath = /bin/sh;
			shellScript = "if which swiftlint >/dev/null; then\n  swiftlint\nelse\n  echo \"warning: SwiftLint not installed, download from https://github.com/realm/SwiftLint\"\nfi\n";
		};
/* End PBXShellScriptBuildPhase section */

/* Begin PBXSourcesBuildPhase section */
		4C17958A27686AEB0065BFC3 /* Sources */ = {
			isa = PBXSourcesBuildPhase;
			buildActionMask = 2147483647;
			files = (
				4C17959127686AEB0065BFC3 /* gamescatalogueTests.swift in Sources */,
			);
			runOnlyForDeploymentPostprocessing = 0;
		};
		4C1E541A26D92E4B00F57BDF /* Sources */ = {
			isa = PBXSourcesBuildPhase;
			buildActionMask = 2147483647;
			files = (
				4C1E542626D92E4B00F57BDF /* ViewController.swift in Sources */,
				4C537AD026D937170031F9C3 /* AccountViewController.swift in Sources */,
				4C1F1C662796A6BF00ECE435 /* SearchPresenter.swift in Sources */,
				4C1F1C682796A6EE00ECE435 /* SearchRouter.swift in Sources */,
				4C816DF52748DF7C00B75ABB /* AccountPresenter.swift in Sources */,
				4C1E542226D92E4B00F57BDF /* AppDelegate.swift in Sources */,
				4CAF741F2736D0C8004DF3CC /* HomeRouter.swift in Sources */,
				4CAF74212736D729004DF3CC /* DetailPresenter.swift in Sources */,
				4CAF741D2736D035004DF3CC /* HomePresenter.swift in Sources */,
				4C1E542426D92E4B00F57BDF /* SceneDelegate.swift in Sources */,
				4C283CAE27B2166400CA7E06 /* EmptyStateView.swift in Sources */,
				4C641B9D26E11B1E0074B6DC /* StarRatingStackView.swift in Sources */,
				4C641B9E26E11B1E0074B6DC /* StarRatingView.swift in Sources */,
				4CFCBF6926EEF86100ADABE9 /* FavoriteTableViewCell.swift in Sources */,
				4C359E4A27355F4B007E4AA3 /* Injection.swift in Sources */,
				4C75E0C82741343800B81828 /* FavoritePresenter.swift in Sources */,
				4C31F4662795ADE8001FF416 /* SearchResultTableViewController.swift in Sources */,
				4C537AD226D937590031F9C3 /* DetailGameViewController.swift in Sources */,
				4C40572626EF8CE200B899F0 /* FavoriteViewController.swift in Sources */,
				4C1E545F26D931C500F57BDF /* GamesTableViewCell.swift in Sources */,
				4C75E0CA2741354D00B81828 /* FavoriteRouter.swift in Sources */,
				4C1E545A26D9312500F57BDF /* CustomUI+Ext.swift in Sources */,
			);
			runOnlyForDeploymentPostprocessing = 0;
		};
/* End PBXSourcesBuildPhase section */

/* Begin PBXTargetDependency section */
		4C17959327686AEB0065BFC3 /* PBXTargetDependency */ = {
			isa = PBXTargetDependency;
			target = 4C1E541D26D92E4B00F57BDF /* gamescatalogue */;
			targetProxy = 4C17959227686AEB0065BFC3 /* PBXContainerItemProxy */;
		};
/* End PBXTargetDependency section */

/* Begin PBXVariantGroup section */
		4C1E542726D92E4B00F57BDF /* Main.storyboard */ = {
			isa = PBXVariantGroup;
			children = (
				4C1E542826D92E4B00F57BDF /* Base */,
				4CBBD97C2767A2110044A728 /* id */,
				4C17958927683E2A0065BFC3 /* en */,
			);
			name = Main.storyboard;
			sourceTree = "<group>";
		};
		4C1E542C26D92E4C00F57BDF /* LaunchScreen.storyboard */ = {
			isa = PBXVariantGroup;
			children = (
				4C1E542D26D92E4C00F57BDF /* Base */,
				4CBBD97D2767A23E0044A728 /* id */,
			);
			name = LaunchScreen.storyboard;
			sourceTree = "<group>";
		};
/* End PBXVariantGroup section */

/* Begin XCBuildConfiguration section */
		4C17959527686AEB0065BFC3 /* Debug */ = {
			isa = XCBuildConfiguration;
			buildSettings = {
				BUNDLE_LOADER = "$(TEST_HOST)";
				CLANG_CXX_LANGUAGE_STANDARD = "gnu++17";
				CODE_SIGN_STYLE = Automatic;
				CURRENT_PROJECT_VERSION = 1;
				DEVELOPMENT_TEAM = 6TBV69WD85;
				GENERATE_INFOPLIST_FILE = YES;
				IPHONEOS_DEPLOYMENT_TARGET = 15.0;
				LD_RUNPATH_SEARCH_PATHS = (
					"$(inherited)",
					"@executable_path/Frameworks",
					"@loader_path/Frameworks",
				);
				MARKETING_VERSION = 1.0;
				PRODUCT_BUNDLE_IDENTIFIER = com.centaury.gamescatalogueTests;
				PRODUCT_NAME = "$(TARGET_NAME)";
				SWIFT_EMIT_LOC_STRINGS = NO;
				SWIFT_VERSION = 5.0;
				TARGETED_DEVICE_FAMILY = "1,2";
				TEST_HOST = "$(BUILT_PRODUCTS_DIR)/gamescatalogue.app/gamescatalogue";
			};
			name = Debug;
		};
		4C17959627686AEB0065BFC3 /* Release */ = {
			isa = XCBuildConfiguration;
			buildSettings = {
				BUNDLE_LOADER = "$(TEST_HOST)";
				CLANG_CXX_LANGUAGE_STANDARD = "gnu++17";
				CODE_SIGN_STYLE = Automatic;
				CURRENT_PROJECT_VERSION = 1;
				DEVELOPMENT_TEAM = 6TBV69WD85;
				GENERATE_INFOPLIST_FILE = YES;
				IPHONEOS_DEPLOYMENT_TARGET = 15.0;
				LD_RUNPATH_SEARCH_PATHS = (
					"$(inherited)",
					"@executable_path/Frameworks",
					"@loader_path/Frameworks",
				);
				MARKETING_VERSION = 1.0;
				PRODUCT_BUNDLE_IDENTIFIER = com.centaury.gamescatalogueTests;
				PRODUCT_NAME = "$(TARGET_NAME)";
				SWIFT_EMIT_LOC_STRINGS = NO;
				SWIFT_VERSION = 5.0;
				TARGETED_DEVICE_FAMILY = "1,2";
				TEST_HOST = "$(BUILT_PRODUCTS_DIR)/gamescatalogue.app/gamescatalogue";
			};
			name = Release;
		};
		4C1E544626D92E4C00F57BDF /* Debug */ = {
			isa = XCBuildConfiguration;
			buildSettings = {
				ALWAYS_SEARCH_USER_PATHS = NO;
				CLANG_ANALYZER_LOCALIZABILITY_NONLOCALIZED = YES;
				CLANG_ANALYZER_NONNULL = YES;
				CLANG_ANALYZER_NUMBER_OBJECT_CONVERSION = YES_AGGRESSIVE;
				CLANG_CXX_LANGUAGE_STANDARD = "gnu++14";
				CLANG_CXX_LIBRARY = "libc++";
				CLANG_ENABLE_MODULES = YES;
				CLANG_ENABLE_OBJC_ARC = YES;
				CLANG_ENABLE_OBJC_WEAK = YES;
				CLANG_WARN_BLOCK_CAPTURE_AUTORELEASING = YES;
				CLANG_WARN_BOOL_CONVERSION = YES;
				CLANG_WARN_COMMA = YES;
				CLANG_WARN_CONSTANT_CONVERSION = YES;
				CLANG_WARN_DEPRECATED_OBJC_IMPLEMENTATIONS = YES;
				CLANG_WARN_DIRECT_OBJC_ISA_USAGE = YES_ERROR;
				CLANG_WARN_DOCUMENTATION_COMMENTS = YES;
				CLANG_WARN_EMPTY_BODY = YES;
				CLANG_WARN_ENUM_CONVERSION = YES;
				CLANG_WARN_INFINITE_RECURSION = YES;
				CLANG_WARN_INT_CONVERSION = YES;
				CLANG_WARN_NON_LITERAL_NULL_CONVERSION = YES;
				CLANG_WARN_OBJC_IMPLICIT_RETAIN_SELF = YES;
				CLANG_WARN_OBJC_LITERAL_CONVERSION = YES;
				CLANG_WARN_OBJC_ROOT_CLASS = YES_ERROR;
				CLANG_WARN_QUOTED_INCLUDE_IN_FRAMEWORK_HEADER = YES;
				CLANG_WARN_RANGE_LOOP_ANALYSIS = YES;
				CLANG_WARN_STRICT_PROTOTYPES = YES;
				CLANG_WARN_SUSPICIOUS_MOVE = YES;
				CLANG_WARN_UNGUARDED_AVAILABILITY = YES_AGGRESSIVE;
				CLANG_WARN_UNREACHABLE_CODE = YES;
				CLANG_WARN__DUPLICATE_METHOD_MATCH = YES;
				COPY_PHASE_STRIP = NO;
				DEBUG_INFORMATION_FORMAT = dwarf;
				ENABLE_STRICT_OBJC_MSGSEND = YES;
				ENABLE_TESTABILITY = YES;
				GCC_C_LANGUAGE_STANDARD = gnu11;
				GCC_DYNAMIC_NO_PIC = NO;
				GCC_NO_COMMON_BLOCKS = YES;
				GCC_OPTIMIZATION_LEVEL = 0;
				GCC_PREPROCESSOR_DEFINITIONS = (
					"DEBUG=1",
					"$(inherited)",
				);
				GCC_WARN_64_TO_32_BIT_CONVERSION = YES;
				GCC_WARN_ABOUT_RETURN_TYPE = YES_ERROR;
				GCC_WARN_UNDECLARED_SELECTOR = YES;
				GCC_WARN_UNINITIALIZED_AUTOS = YES_AGGRESSIVE;
				GCC_WARN_UNUSED_FUNCTION = YES;
				GCC_WARN_UNUSED_VARIABLE = YES;
				IPHONEOS_DEPLOYMENT_TARGET = 15.2;
				MTL_ENABLE_DEBUG_INFO = INCLUDE_SOURCE;
				MTL_FAST_MATH = YES;
				ONLY_ACTIVE_ARCH = YES;
				SDKROOT = iphoneos;
				SWIFT_ACTIVE_COMPILATION_CONDITIONS = DEBUG;
				SWIFT_OPTIMIZATION_LEVEL = "-Onone";
			};
			name = Debug;
		};
		4C1E544726D92E4C00F57BDF /* Release */ = {
			isa = XCBuildConfiguration;
			buildSettings = {
				ALWAYS_SEARCH_USER_PATHS = NO;
				CLANG_ANALYZER_LOCALIZABILITY_NONLOCALIZED = YES;
				CLANG_ANALYZER_NONNULL = YES;
				CLANG_ANALYZER_NUMBER_OBJECT_CONVERSION = YES_AGGRESSIVE;
				CLANG_CXX_LANGUAGE_STANDARD = "gnu++14";
				CLANG_CXX_LIBRARY = "libc++";
				CLANG_ENABLE_MODULES = YES;
				CLANG_ENABLE_OBJC_ARC = YES;
				CLANG_ENABLE_OBJC_WEAK = YES;
				CLANG_WARN_BLOCK_CAPTURE_AUTORELEASING = YES;
				CLANG_WARN_BOOL_CONVERSION = YES;
				CLANG_WARN_COMMA = YES;
				CLANG_WARN_CONSTANT_CONVERSION = YES;
				CLANG_WARN_DEPRECATED_OBJC_IMPLEMENTATIONS = YES;
				CLANG_WARN_DIRECT_OBJC_ISA_USAGE = YES_ERROR;
				CLANG_WARN_DOCUMENTATION_COMMENTS = YES;
				CLANG_WARN_EMPTY_BODY = YES;
				CLANG_WARN_ENUM_CONVERSION = YES;
				CLANG_WARN_INFINITE_RECURSION = YES;
				CLANG_WARN_INT_CONVERSION = YES;
				CLANG_WARN_NON_LITERAL_NULL_CONVERSION = YES;
				CLANG_WARN_OBJC_IMPLICIT_RETAIN_SELF = YES;
				CLANG_WARN_OBJC_LITERAL_CONVERSION = YES;
				CLANG_WARN_OBJC_ROOT_CLASS = YES_ERROR;
				CLANG_WARN_QUOTED_INCLUDE_IN_FRAMEWORK_HEADER = YES;
				CLANG_WARN_RANGE_LOOP_ANALYSIS = YES;
				CLANG_WARN_STRICT_PROTOTYPES = YES;
				CLANG_WARN_SUSPICIOUS_MOVE = YES;
				CLANG_WARN_UNGUARDED_AVAILABILITY = YES_AGGRESSIVE;
				CLANG_WARN_UNREACHABLE_CODE = YES;
				CLANG_WARN__DUPLICATE_METHOD_MATCH = YES;
				COPY_PHASE_STRIP = NO;
				DEBUG_INFORMATION_FORMAT = "dwarf-with-dsym";
				ENABLE_NS_ASSERTIONS = NO;
				ENABLE_STRICT_OBJC_MSGSEND = YES;
				GCC_C_LANGUAGE_STANDARD = gnu11;
				GCC_NO_COMMON_BLOCKS = YES;
				GCC_WARN_64_TO_32_BIT_CONVERSION = YES;
				GCC_WARN_ABOUT_RETURN_TYPE = YES_ERROR;
				GCC_WARN_UNDECLARED_SELECTOR = YES;
				GCC_WARN_UNINITIALIZED_AUTOS = YES_AGGRESSIVE;
				GCC_WARN_UNUSED_FUNCTION = YES;
				GCC_WARN_UNUSED_VARIABLE = YES;
				IPHONEOS_DEPLOYMENT_TARGET = 15.2;
				MTL_ENABLE_DEBUG_INFO = NO;
				MTL_FAST_MATH = YES;
				SDKROOT = iphoneos;
				SWIFT_COMPILATION_MODE = wholemodule;
				SWIFT_OPTIMIZATION_LEVEL = "-O";
				VALIDATE_PRODUCT = YES;
			};
			name = Release;
		};
		4C1E544926D92E4C00F57BDF /* Debug */ = {
			isa = XCBuildConfiguration;
			buildSettings = {
				ASSETCATALOG_COMPILER_APPICON_NAME = AppIcon;
				ASSETCATALOG_COMPILER_GLOBAL_ACCENT_COLOR_NAME = AccentColor;
				CODE_SIGN_STYLE = Automatic;
				CURRENT_PROJECT_VERSION = 2;
				DEVELOPMENT_TEAM = 6TBV69WD85;
				INFOPLIST_FILE = "gamescatalogue/App/Supporting Files/Info.plist";
				IPHONEOS_DEPLOYMENT_TARGET = 15.2;
				LD_RUNPATH_SEARCH_PATHS = (
					"$(inherited)",
					"@executable_path/Frameworks",
				);
				PRODUCT_BUNDLE_IDENTIFIER = com.centaury.gamescatalogue;
				PRODUCT_NAME = "$(TARGET_NAME)";
				SWIFT_VERSION = 5.0;
				TARGETED_DEVICE_FAMILY = 1;
			};
			name = Debug;
		};
		4C1E544A26D92E4C00F57BDF /* Release */ = {
			isa = XCBuildConfiguration;
			buildSettings = {
				ASSETCATALOG_COMPILER_APPICON_NAME = AppIcon;
				ASSETCATALOG_COMPILER_GLOBAL_ACCENT_COLOR_NAME = AccentColor;
				CODE_SIGN_STYLE = Automatic;
				CURRENT_PROJECT_VERSION = 2;
				DEVELOPMENT_TEAM = 6TBV69WD85;
				INFOPLIST_FILE = "gamescatalogue/App/Supporting Files/Info.plist";
				IPHONEOS_DEPLOYMENT_TARGET = 15.2;
				LD_RUNPATH_SEARCH_PATHS = (
					"$(inherited)",
					"@executable_path/Frameworks",
				);
				PRODUCT_BUNDLE_IDENTIFIER = com.centaury.gamescatalogue;
				PRODUCT_NAME = "$(TARGET_NAME)";
				SWIFT_VERSION = 5.0;
				TARGETED_DEVICE_FAMILY = 1;
			};
			name = Release;
		};
/* End XCBuildConfiguration section */

/* Begin XCConfigurationList section */
		4C17959427686AEB0065BFC3 /* Build configuration list for PBXNativeTarget "gamescatalogueTests" */ = {
			isa = XCConfigurationList;
			buildConfigurations = (
				4C17959527686AEB0065BFC3 /* Debug */,
				4C17959627686AEB0065BFC3 /* Release */,
			);
			defaultConfigurationIsVisible = 0;
			defaultConfigurationName = Release;
		};
		4C1E541926D92E4B00F57BDF /* Build configuration list for PBXProject "gamescatalogue" */ = {
			isa = XCConfigurationList;
			buildConfigurations = (
				4C1E544626D92E4C00F57BDF /* Debug */,
				4C1E544726D92E4C00F57BDF /* Release */,
			);
			defaultConfigurationIsVisible = 0;
			defaultConfigurationName = Release;
		};
		4C1E544826D92E4C00F57BDF /* Build configuration list for PBXNativeTarget "gamescatalogue" */ = {
			isa = XCConfigurationList;
			buildConfigurations = (
				4C1E544926D92E4C00F57BDF /* Debug */,
				4C1E544A26D92E4C00F57BDF /* Release */,
			);
			defaultConfigurationIsVisible = 0;
			defaultConfigurationName = Release;
		};
/* End XCConfigurationList section */

/* Begin XCRemoteSwiftPackageReference section */
		4C16941D279829390085AF26 /* XCRemoteSwiftPackageReference "Core-Codebase" */ = {
			isa = XCRemoteSwiftPackageReference;
			repositoryURL = "https://github.com/Centauryal/Core-Codebase.git";
			requirement = {
				kind = upToNextMajorVersion;
				minimumVersion = 1.0.0;
			};
		};
		4C1E545126D92F3100F57BDF /* XCRemoteSwiftPackageReference "SDWebImage" */ = {
			isa = XCRemoteSwiftPackageReference;
			repositoryURL = "https://github.com/SDWebImage/SDWebImage.git";
			requirement = {
				kind = upToNextMajorVersion;
				minimumVersion = 5.12.1;
			};
		};
		4C2BADE727AD0FE2000E296E /* XCRemoteSwiftPackageReference "SkeletonView" */ = {
			isa = XCRemoteSwiftPackageReference;
			repositoryURL = "https://github.com/Juanpe/SkeletonView";
			requirement = {
				kind = upToNextMajorVersion;
				minimumVersion = 1.29.2;
			};
		};
		4CAA6BA82748F0EF00245F24 /* XCRemoteSwiftPackageReference "Alamofire" */ = {
			isa = XCRemoteSwiftPackageReference;
			repositoryURL = "https://github.com/Alamofire/Alamofire";
			requirement = {
				kind = upToNextMajorVersion;
				minimumVersion = 5.4.4;
			};
		};
/* End XCRemoteSwiftPackageReference section */

/* Begin XCSwiftPackageProductDependency section */
		4C1E545226D92F3100F57BDF /* SDWebImage */ = {
			isa = XCSwiftPackageProductDependency;
			package = 4C1E545126D92F3100F57BDF /* XCRemoteSwiftPackageReference "SDWebImage" */;
			productName = SDWebImage;
		};
		4C2BADE827AD0FE2000E296E /* SkeletonView */ = {
			isa = XCSwiftPackageProductDependency;
			package = 4C2BADE727AD0FE2000E296E /* XCRemoteSwiftPackageReference "SkeletonView" */;
			productName = SkeletonView;
		};
		4C47DCE527610E2D00D1F465 /* Games */ = {
			isa = XCSwiftPackageProductDependency;
			productName = Games;
		};
		4C6E068E276722EE00FA032D /* Account */ = {
			isa = XCSwiftPackageProductDependency;
			productName = Account;
		};
		4CAA6BA92748F0EF00245F24 /* Alamofire */ = {
			isa = XCSwiftPackageProductDependency;
			package = 4CAA6BA82748F0EF00245F24 /* XCRemoteSwiftPackageReference "Alamofire" */;
			productName = Alamofire;
		};
		4CB735D92764869C006152DA /* Favorite */ = {
			isa = XCSwiftPackageProductDependency;
			productName = Favorite;
		};
		4CBBD97A27679E4C0044A728 /* Common */ = {
			isa = XCSwiftPackageProductDependency;
			productName = Common;
		};
/* End XCSwiftPackageProductDependency section */
	};
	rootObject = 4C1E541626D92E4B00F57BDF /* Project object */;
}
